{
  "name": "pub",
  "version": "0.17.0",
  "lockfileVersion": 2,
  "requires": true,
  "packages": {
    "": {
      "license": "ISC",
      "dependencies": {
        "glo-pareto-common": "^0.11.0",
        "pareto-core-lib": "^0.18.1",
        "pareto-core-raw": "^0.7.4",
        "pareto-core-state": "^0.12.0"
      }
    },
    "node_modules/glo-pareto-common": {
      "version": "0.11.0",
      "resolved": "https://registry.npmjs.org/glo-pareto-common/-/glo-pareto-common-0.11.0.tgz",
      "integrity": "sha512-rQq5c2VxLWlsQAQ/aJAU6sdUhCUPAnkxXCwJYkCfBHS7H+R+bf5w5OK6WWX/ylUfBAFFFnvpz+jj5jwZQMp1KQ==",
      "dependencies": {
        "pareto-core-types": "^0.10.0"
      }
    },
    "node_modules/pareto-core-internals": {
      "version": "0.11.0",
      "resolved": "https://registry.npmjs.org/pareto-core-internals/-/pareto-core-internals-0.11.0.tgz",
      "integrity": "sha512-r9npJV5EXGSteklXVa9Sr9YcTkv3PQ3bWJK0sWwtuw6rvU4DHC6xYzIU8otnI4SM0f2je72fN6fWh0LaYQNe2A==",
      "dependencies": {
        "pareto-core-types": "^0.10.0"
      }
    },
    "node_modules/pareto-core-lib": {
      "version": "0.18.1",
      "resolved": "https://registry.npmjs.org/pareto-core-lib/-/pareto-core-lib-0.18.1.tgz",
      "integrity": "sha512-Dy+KfP85x85LhBhbnnwimQk+V/EMdk3h0G6pO4YZt1c5b9MHcrdQLGRPFQdNYR22OwFkw/d6cJ4wmsohM8lhGw==",
      "dependencies": {
        "pareto-core-internals": "^0.11.0"
      }
    },
    "node_modules/pareto-core-raw": {
      "version": "0.7.4",
      "resolved": "https://registry.npmjs.org/pareto-core-raw/-/pareto-core-raw-0.7.4.tgz",
      "integrity": "sha512-t8QLy3Mf8rU2V9u1KXj0LWfdrDuYz3qM83kcM4/fghXEVAlmQduw4eRc92RmkhSztSc8Vi2/f/xMXIa5dOIpuA==",
      "dependencies": {
        "pareto-core-internals": "^0.11.0"
      }
    },
    "node_modules/pareto-core-state": {
      "version": "0.12.0",
      "resolved": "https://registry.npmjs.org/pareto-core-state/-/pareto-core-state-0.12.0.tgz",
      "integrity": "sha512-yuDXIlvorBeZfJ4Xkob7JEXcukou5s1UrcXvsCt9N9CjalbEoOgZ5UD+3wL4nbtlIubzH+VvzlYMOoOoOOxkqw==",
      "dependencies": {
        "pareto-core-internals": "^0.11.0"
      }
    },
    "node_modules/pareto-core-types": {
      "version": "0.10.0",
      "resolved": "https://registry.npmjs.org/pareto-core-types/-/pareto-core-types-0.10.0.tgz",
      "integrity": "sha512-asVi1Eq2wbUfqyOrTFtSP7Tm1flBhfh2Evu90aTgf2xzphs9BFiYvIs9FhNWU7qcvjAup6ISMT6Gjv7mHQivLw=="
    }
  },
  "dependencies": {
    "glo-pareto-common": {
      "version": "0.11.0",
      "resolved": "https://registry.npmjs.org/glo-pareto-common/-/glo-pareto-common-0.11.0.tgz",
      "integrity": "sha512-rQq5c2VxLWlsQAQ/aJAU6sdUhCUPAnkxXCwJYkCfBHS7H+R+bf5w5OK6WWX/ylUfBAFFFnvpz+jj5jwZQMp1KQ==",
      "requires": {
        "pareto-core-types": "^0.10.0"
      }
    },
    "pareto-core-internals": {
      "version": "0.11.0",
      "resolved": "https://registry.npmjs.org/pareto-core-internals/-/pareto-core-internals-0.11.0.tgz",
      "integrity": "sha512-r9npJV5EXGSteklXVa9Sr9YcTkv3PQ3bWJK0sWwtuw6rvU4DHC6xYzIU8otnI4SM0f2je72fN6fWh0LaYQNe2A==",
      "requires": {
        "pareto-core-types": "^0.10.0"
      }
    },
    "pareto-core-lib": {
      "version": "0.18.1",
      "resolved": "https://registry.npmjs.org/pareto-core-lib/-/pareto-core-lib-0.18.1.tgz",
      "integrity": "sha512-Dy+KfP85x85LhBhbnnwimQk+V/EMdk3h0G6pO4YZt1c5b9MHcrdQLGRPFQdNYR22OwFkw/d6cJ4wmsohM8lhGw==",
      "requires": {
        "pareto-core-internals": "^0.11.0"
      }
    },
    "pareto-core-raw": {
      "version": "0.7.4",
      "resolved": "https://registry.npmjs.org/pareto-core-raw/-/pareto-core-raw-0.7.4.tgz",
      "integrity": "sha512-t8QLy3Mf8rU2V9u1KXj0LWfdrDuYz3qM83kcM4/fghXEVAlmQduw4eRc92RmkhSztSc8Vi2/f/xMXIa5dOIpuA==",
      "requires": {
        "pareto-core-internals": "^0.11.0"
      }
    },
    "pareto-core-state": {
      "version": "0.12.0",
      "resolved": "https://registry.npmjs.org/pareto-core-state/-/pareto-core-state-0.12.0.tgz",
      "integrity": "sha512-yuDXIlvorBeZfJ4Xkob7JEXcukou5s1UrcXvsCt9N9CjalbEoOgZ5UD+3wL4nbtlIubzH+VvzlYMOoOoOOxkqw==",
      "requires": {
        "pareto-core-internals": "^0.11.0"
      }
    },
    "pareto-core-types": {
      "version": "0.10.0",
      "resolved": "https://registry.npmjs.org/pareto-core-types/-/pareto-core-types-0.10.0.tgz",
      "integrity": "sha512-asVi1Eq2wbUfqyOrTFtSP7Tm1flBhfh2Evu90aTgf2xzphs9BFiYvIs9FhNWU7qcvjAup6ISMT6Gjv7mHQivLw=="
    }
  }
}
